
Microsoft Visual Studio Solution File, Format Version 12.00
# Visual Studio Version 17
VisualStudioVersion = 17.6.33712.159
MinimumVisualStudioVersion = 10.0.40219.1
Project("{9A19103F-16F7-4668-BE54-9A1E7A4F7556}") = "EmployeeManagement.Models", "EmployeeManagement.Models\EmployeeManagement.Models.csproj", "{37B0BF6B-C7CC-42AB-B2CD-9FF0C5DFAA02}"
EndProject
Project("{9A19103F-16F7-4668-BE54-9A1E7A4F7556}") = "EmployeeManagement.Web", "EmployeeManagement.Web\EmployeeManagement.Web.csproj", "{F741C41E-E6A2-4BCB-835A-44295BAD11AC}"
EndProject
Project("{9A19103F-16F7-4668-BE54-9A1E7A4F7556}") = "EmployeeManagement.Api", "EmployeeManagement.Api\EmployeeManagement.Api.csproj", "{90610F9E-D288-4E46-8CB8-0E79E37CE088}"
EndProject
Project("{9A19103F-16F7-4668-BE54-9A1E7A4F7556}") = "PragimTech.Components", "PragimTech.Components\PragimTech.Components.csproj", "{95F1A445-7157-4223-A58A-ED51CCA45EC4}"
EndProject
Global
	GlobalSection(SolutionConfigurationPlatforms) = preSolution
		Debug|Any CPU = Debug|Any CPU
		Release|Any CPU = Release|Any CPU
	EndGlobalSection
	GlobalSection(ProjectConfigurationPlatforms) = postSolution
		{37B0BF6B-C7CC-42AB-B2CD-9FF0C5DFAA02}.Debug|Any CPU.ActiveCfg = Debug|Any CPU
		{37B0BF6B-C7CC-42AB-B2CD-9FF0C5DFAA02}.Debug|Any CPU.Build.0 = Debug|Any CPU
		{37B0BF6B-C7CC-42AB-B2CD-9FF0C5DFAA02}.Release|Any CPU.ActiveCfg = Release|Any CPU
		{37B0BF6B-C7CC-42AB-B2CD-9FF0C5DFAA02}.Release|Any CPU.Build.0 = Release|Any CPU
		{F741C41E-E6A2-4BCB-835A-44295BAD11AC}.Debug|Any CPU.ActiveCfg = Debug|Any CPU
		{F741C41E-E6A2-4BCB-835A-44295BAD11AC}.Debug|Any CPU.Build.0 = Debug|Any CPU
		{F741C41E-E6A2-4BCB-835A-44295BAD11AC}.Release|Any CPU.ActiveCfg = Release|Any CPU
		{F741C41E-E6A2-4BCB-835A-44295BAD11AC}.Release|Any CPU.Build.0 = Release|Any CPU
		{90610F9E-D288-4E46-8CB8-0E79E37CE088}.Debug|Any CPU.ActiveCfg = Debug|Any CPU
		{90610F9E-D288-4E46-8CB8-0E79E37CE088}.Debug|Any CPU.Build.0 = Debug|Any CPU
		{90610F9E-D288-4E46-8CB8-0E79E37CE088}.Release|Any CPU.ActiveCfg = Release|Any CPU
		{90610F9E-D288-4E46-8CB8-0E79E37CE088}.Release|Any CPU.Build.0 = Release|Any CPU
		{95F1A445-7157-4223-A58A-ED51CCA45EC4}.Debug|Any CPU.ActiveCfg = Debug|Any CPU
		{95F1A445-7157-4223-A58A-ED51CCA45EC4}.Debug|Any CPU.Build.0 = Debug|Any CPU
		{95F1A445-7157-4223-A58A-ED51CCA45EC4}.Release|Any CPU.ActiveCfg = Release|Any CPU
		{95F1A445-7157-4223-A58A-ED51CCA45EC4}.Release|Any CPU.Build.0 = Release|Any CPU
	EndGlobalSection
	GlobalSection(SolutionProperties) = preSolution
		HideSolutionNode = FALSE
	EndGlobalSection
	GlobalSection(ExtensibilityGlobals) = postSolution
		SolutionGuid = {6862736F-DBB1-4272-AAFD-EC9D8DD09E5E}
	EndGlobalSection
EndGlobal
